
Microsoft Visual Studio Solution File, Format Version 12.00
# Visual Studio Version 17
VisualStudioVersion = 17.8.34322.80
MinimumVisualStudioVersion = 10.0.40219.1
Project("{FAE04EC0-301F-11D3-BF4B-00C04F79EFBC}") = "ExpenseTracker.API", "ExpenseTracker.API\ExpenseTracker.API.csproj", "{8B35131C-19A2-46BD-849F-0E9AF157CBED}"
EndProject
Project("{FAE04EC0-301F-11D3-BF4B-00C04F79EFBC}") = "ExpenseTracker.DataService", "ExpenseTracker.DataService\ExpenseTracker.DataService.csproj", "{09F9BC6F-2DF3-4777-9BB9-BC49D8D6AD02}"
EndProject
Project("{FAE04EC0-301F-11D3-BF4B-00C04F79EFBC}") = "ExpenseTracker.Entities", "ExpenseTracker.Entities\ExpenseTracker.Entities.csproj", "{64905A18-525E-4CDE-BD69-9DCB63B019E8}"
EndProject
Project("{FAE04EC0-301F-11D3-BF4B-00C04F79EFBC}") = "ExpenseTracker.UnitTests", "ExpenseTracker.UnitTests\ExpenseTracker.UnitTests.csproj", "{FBC5482E-2FCB-4AE7-B746-E7DDB0294638}"
EndProject
Global
	GlobalSection(SolutionConfigurationPlatforms) = preSolution
		Debug|Any CPU = Debug|Any CPU
		Release|Any CPU = Release|Any CPU
	EndGlobalSection
	GlobalSection(ProjectConfigurationPlatforms) = postSolution
		{8B35131C-19A2-46BD-849F-0E9AF157CBED}.Debug|Any CPU.ActiveCfg = Debug|Any CPU
		{8B35131C-19A2-46BD-849F-0E9AF157CBED}.Debug|Any CPU.Build.0 = Debug|Any CPU
		{8B35131C-19A2-46BD-849F-0E9AF157CBED}.Release|Any CPU.ActiveCfg = Release|Any CPU
		{8B35131C-19A2-46BD-849F-0E9AF157CBED}.Release|Any CPU.Build.0 = Release|Any CPU
		{09F9BC6F-2DF3-4777-9BB9-BC49D8D6AD02}.Debug|Any CPU.ActiveCfg = Debug|Any CPU
		{09F9BC6F-2DF3-4777-9BB9-BC49D8D6AD02}.Debug|Any CPU.Build.0 = Debug|Any CPU
		{09F9BC6F-2DF3-4777-9BB9-BC49D8D6AD02}.Release|Any CPU.ActiveCfg = Release|Any CPU
		{09F9BC6F-2DF3-4777-9BB9-BC49D8D6AD02}.Release|Any CPU.Build.0 = Release|Any CPU
		{64905A18-525E-4CDE-BD69-9DCB63B019E8}.Debug|Any CPU.ActiveCfg = Debug|Any CPU
		{64905A18-525E-4CDE-BD69-9DCB63B019E8}.Debug|Any CPU.Build.0 = Debug|Any CPU
		{64905A18-525E-4CDE-BD69-9DCB63B019E8}.Release|Any CPU.ActiveCfg = Release|Any CPU
		{64905A18-525E-4CDE-BD69-9DCB63B019E8}.Release|Any CPU.Build.0 = Release|Any CPU
		{FBC5482E-2FCB-4AE7-B746-E7DDB0294638}.Debug|Any CPU.ActiveCfg = Debug|Any CPU
		{FBC5482E-2FCB-4AE7-B746-E7DDB0294638}.Debug|Any CPU.Build.0 = Debug|Any CPU
		{FBC5482E-2FCB-4AE7-B746-E7DDB0294638}.Release|Any CPU.ActiveCfg = Release|Any CPU
		{FBC5482E-2FCB-4AE7-B746-E7DDB0294638}.Release|Any CPU.Build.0 = Release|Any CPU
	EndGlobalSection
	GlobalSection(SolutionProperties) = preSolution
		HideSolutionNode = FALSE
	EndGlobalSection
	GlobalSection(ExtensibilityGlobals) = postSolution
		SolutionGuid = {EB9DFC42-5562-41AE-AC91-41C7069F6D8B}
	EndGlobalSection
EndGlobal
